
Microsoft Visual Studio Solution File, Format Version 12.00
# Visual Studio 15
VisualStudioVersion = 15.0.28307.572
MinimumVisualStudioVersion = 10.0.40219.1
Project("{FAE04EC0-301F-11D3-BF4B-00C04F79EFBC}") = "NetView", "NetView\NetView.csproj", "{362471BD-506A-4C0C-B6EF-6C3586BF7044}"
EndProject
Project("{FAE04EC0-301F-11D3-BF4B-00C04F79EFBC}") = "NetViewTests", "NetViewTests\NetViewTests.csproj", "{EDA2DFD4-3AE8-4E90-9374-43B975ED4539}"
EndProject
Project("{FAE04EC0-301F-11D3-BF4B-00C04F79EFBC}") = "SubBusContrainer", "SubBusContrainer\SubBusContrainer.csproj", "{01A6A00B-3DA7-40CC-9F3D-FBB830662D4D}"
EndProject
Project("{FAE04EC0-301F-11D3-BF4B-00C04F79EFBC}") = "ControlTest", "ControlTest\ControlTest.csproj", "{5DFD49D9-223B-4FCD-A0B7-800B003A2378}"
EndProject
Global
	GlobalSection(SolutionConfigurationPlatforms) = preSolution
		Debug|Any CPU = Debug|Any CPU
		Release|Any CPU = Release|Any CPU
	EndGlobalSection
	GlobalSection(ProjectConfigurationPlatforms) = postSolution
		{362471BD-506A-4C0C-B6EF-6C3586BF7044}.Debug|Any CPU.ActiveCfg = Debug|Any CPU
		{362471BD-506A-4C0C-B6EF-6C3586BF7044}.Debug|Any CPU.Build.0 = Debug|Any CPU
		{362471BD-506A-4C0C-B6EF-6C3586BF7044}.Release|Any CPU.ActiveCfg = Release|Any CPU
		{362471BD-506A-4C0C-B6EF-6C3586BF7044}.Release|Any CPU.Build.0 = Release|Any CPU
		{EDA2DFD4-3AE8-4E90-9374-43B975ED4539}.Debug|Any CPU.ActiveCfg = Debug|Any CPU
		{EDA2DFD4-3AE8-4E90-9374-43B975ED4539}.Debug|Any CPU.Build.0 = Debug|Any CPU
		{EDA2DFD4-3AE8-4E90-9374-43B975ED4539}.Release|Any CPU.ActiveCfg = Release|Any CPU
		{EDA2DFD4-3AE8-4E90-9374-43B975ED4539}.Release|Any CPU.Build.0 = Release|Any CPU
		{01A6A00B-3DA7-40CC-9F3D-FBB830662D4D}.Debug|Any CPU.ActiveCfg = Debug|Any CPU
		{01A6A00B-3DA7-40CC-9F3D-FBB830662D4D}.Debug|Any CPU.Build.0 = Debug|Any CPU
		{01A6A00B-3DA7-40CC-9F3D-FBB830662D4D}.Release|Any CPU.ActiveCfg = Release|Any CPU
		{01A6A00B-3DA7-40CC-9F3D-FBB830662D4D}.Release|Any CPU.Build.0 = Release|Any CPU
		{5DFD49D9-223B-4FCD-A0B7-800B003A2378}.Debug|Any CPU.ActiveCfg = Debug|Any CPU
		{5DFD49D9-223B-4FCD-A0B7-800B003A2378}.Debug|Any CPU.Build.0 = Debug|Any CPU
		{5DFD49D9-223B-4FCD-A0B7-800B003A2378}.Release|Any CPU.ActiveCfg = Release|Any CPU
		{5DFD49D9-223B-4FCD-A0B7-800B003A2378}.Release|Any CPU.Build.0 = Release|Any CPU
	EndGlobalSection
	GlobalSection(SolutionProperties) = preSolution
		HideSolutionNode = FALSE
	EndGlobalSection
	GlobalSection(ExtensibilityGlobals) = postSolution
		SolutionGuid = {92F6F5F1-9FC4-4435-B0B9-2464E2BE32DE}
	EndGlobalSection
EndGlobal
